
Microsoft Visual Studio Solution File, Format Version 12.00
# Visual Studio Version 17
VisualStudioVersion = 17.11.35312.102
MinimumVisualStudioVersion = 10.0.40219.1
Project("{FAE04EC0-301F-11D3-BF4B-00C04F79EFBC}") = "Industrial Placement Coding Assesment", "Industrial Placement Coding Assesment\Industrial Placement Coding Assesment.csproj", "{C335C48E-132D-48FB-ABAF-86ACB897128D}"
EndProject
Global
	GlobalSection(SolutionConfigurationPlatforms) = preSolution
		Debug|Any CPU = Debug|Any CPU
		Release|Any CPU = Release|Any CPU
	EndGlobalSection
	GlobalSection(ProjectConfigurationPlatforms) = postSolution
		{C335C48E-132D-48FB-ABAF-86ACB897128D}.Debug|Any CPU.ActiveCfg = Debug|Any CPU
		{C335C48E-132D-48FB-ABAF-86ACB897128D}.Debug|Any CPU.Build.0 = Debug|Any CPU
		{C335C48E-132D-48FB-ABAF-86ACB897128D}.Release|Any CPU.ActiveCfg = Release|Any CPU
		{C335C48E-132D-48FB-ABAF-86ACB897128D}.Release|Any CPU.Build.0 = Release|Any CPU
	EndGlobalSection
	GlobalSection(SolutionProperties) = preSolution
		HideSolutionNode = FALSE
	EndGlobalSection
	GlobalSection(ExtensibilityGlobals) = postSolution
		SolutionGuid = {4DF850ED-9636-4CD8-8BDD-4E988D87E728}
	EndGlobalSection
EndGlobal
